{
  "name": "@student/web-service",
  "version": "1.0.3",
  "lockfileVersion": 1,
  "requires": true,
  "dependencies": {
    "@student/web-messager": {
      "version": "1.0.3",
      "dependencies": {
        "@student/web-service": {
          "bundled": true,
          "requires": {
            "@student/web-messager": "^1.0.3",
            "@types/lodash": "^4.14.144",
            "uuid": "^3.3.3"
          },
          "dependencies": {
            "@student/web-messager": {
              "version": "1.0.3",
              "dependencies": {}
            },
            "@types/lodash": {
              "version": "4.14.144",
              "resolved": "http://nexus.gz.cvte.cn/nexus/repository/npm-group/@types/lodash/-/lodash-4.14.144.tgz",
              "integrity": "sha1-EuV/yZBkvOReWrPIvEeD/rdeq44="
            },
            "uuid": {
              "version": "3.3.3",
              "resolved": "http://nexus.gz.cvte.cn/nexus/repository/npm-group/uuid/-/uuid-3.3.3.tgz",
              "integrity": "sha1-RWjwIW54dg7h2/Ok0s9T4iQRKGY="
            }
          }
        }
      }
    },
    "@types/lodash": {
      "version": "4.14.144",
      "resolved": "http://nexus.gz.cvte.cn/nexus/repository/npm-group/@types/lodash/-/lodash-4.14.144.tgz",
      "integrity": "sha1-EuV/yZBkvOReWrPIvEeD/rdeq44="
    },
    "uuid": {
      "version": "3.3.3",
      "resolved": "http://nexus.gz.cvte.cn/nexus/repository/npm-group/uuid/-/uuid-3.3.3.tgz",
      "integrity": "sha1-RWjwIW54dg7h2/Ok0s9T4iQRKGY="
    }
  }
}
