# THIS IS AN AUTOGENERATED FILE. DO NOT EDIT THIS FILE DIRECTLY.
# yarn lockfile v1


"@babel/runtime@^7.6.3":
  version "7.6.3"
  resolved "http://nexus.gz.cvte.cn/nexus/repository/npm-group/@babel/runtime/-/runtime-7.6.3.tgz#935122c74c73d2240cafd32ddb5fc2a6cd35cf1f"
  integrity sha1-k1Eix0xz0iQMr9Mt21/Cps01zx8=
  dependencies:
    regenerator-runtime "^0.13.2"

"@types/lodash@^4.14.144":
  version "4.14.144"
  resolved "http://nexus.gz.cvte.cn/nexus/repository/npm-group/@types/lodash/-/lodash-4.14.144.tgz#12e57fc99064bce45e5ab3c8bc4783feb75eab8e"
  integrity sha1-EuV/yZBkvOReWrPIvEeD/rdeq44=

regenerator-runtime@^0.13.2:
  version "0.13.3"
  resolved "http://nexus.gz.cvte.cn/nexus/repository/npm-group/regenerator-runtime/-/regenerator-runtime-0.13.3.tgz#7cf6a77d8f5c6f60eb73c5fc1955b2ceb01e6bf5"
  integrity sha1-fPanfY9cb2Drc8X8GVWyzrAea/U=

uuid@^3.3.3:
  version "3.3.3"
  resolved "http://nexus.gz.cvte.cn/nexus/repository/npm-group/uuid/-/uuid-3.3.3.tgz#4568f0216e78760ee1dbf3a4d2cf53e224112866"
  integrity sha1-RWjwIW54dg7h2/Ok0s9T4iQRKGY=
